
Microsoft Visual Studio Solution File, Format Version 11.00
# Visual Studio 2010
Project("{8BC9CEB8-8B4A-11D0-8D11-00A0C91BC942}") = "TPFinal", "TPFinal\TPFinal.vcxproj", "{794A448D-F0C4-4577-A948-0EBB8AE704DF}"
EndProject
Global
	GlobalSection(SolutionConfigurationPlatforms) = preSolution
		Debug|Win32 = Debug|Win32
		Release|Win32 = Release|Win32
	EndGlobalSection
	GlobalSection(ProjectConfigurationPlatforms) = postSolution
		{794A448D-F0C4-4577-A948-0EBB8AE704DF}.Debug|Win32.ActiveCfg = Debug|Win32
		{794A448D-F0C4-4577-A948-0EBB8AE704DF}.Debug|Win32.Build.0 = Debug|Win32
		{794A448D-F0C4-4577-A948-0EBB8AE704DF}.Release|Win32.ActiveCfg = Release|Win32
		{794A448D-F0C4-4577-A948-0EBB8AE704DF}.Release|Win32.Build.0 = Release|Win32
	EndGlobalSection
	GlobalSection(SolutionProperties) = preSolution
		HideSolutionNode = FALSE
	EndGlobalSection
EndGlobal
